// !$*UTF8*$!
{
	archiveVersion = 1;
	classes = {
	};
	objectVersion = 50;
	objects = {

/* Begin PBXBuildFile section */
		A2A4224E21C374F5003AB251 /* AppDelegate.swift in Sources */ = {isa = PBXBuildFile; fileRef = A2A4224D21C374F5003AB251 /* AppDelegate.swift */; };
		A2A4225021C374F5003AB251 /* ViewController.swift in Sources */ = {isa = PBXBuildFile; fileRef = A2A4224F21C374F5003AB251 /* ViewController.swift */; };
		A2A4225321C374F5003AB251 /* Main.storyboard in Resources */ = {isa = PBXBuildFile; fileRef = A2A4225121C374F5003AB251 /* Main.storyboard */; };
		A2A4225521C374F7003AB251 /* Assets.xcassets in Resources */ = {isa = PBXBuildFile; fileRef = A2A4225421C374F7003AB251 /* Assets.xcassets */; };
		A2A4225821C374F7003AB251 /* LaunchScreen.storyboard in Resources */ = {isa = PBXBuildFile; fileRef = A2A4225621C374F7003AB251 /* LaunchScreen.storyboard */; };
		A2A4226321C374F7003AB251 /* CanvasTests.swift in Sources */ = {isa = PBXBuildFile; fileRef = A2A4226221C374F7003AB251 /* CanvasTests.swift */; };
		A2A4226E21C374F7003AB251 /* CanvasUITests.swift in Sources */ = {isa = PBXBuildFile; fileRef = A2A4226D21C374F7003AB251 /* CanvasUITests.swift */; };
		A2A4228221C3791D003AB251 /* CanvasView.swift in Sources */ = {isa = PBXBuildFile; fileRef = A2A4228121C3791D003AB251 /* CanvasView.swift */; };
/* End PBXBuildFile section */

/* Begin PBXContainerItemProxy section */
		A2A4225F21C374F7003AB251 /* PBXContainerItemProxy */ = {
			isa = PBXContainerItemProxy;
			containerPortal = A2A4224221C374F5003AB251 /* Project object */;
			proxyType = 1;
			remoteGlobalIDString = A2A4224921C374F5003AB251;
			remoteInfo = Canvas;
		};
		A2A4226A21C374F7003AB251 /* PBXContainerItemProxy */ = {
			isa = PBXContainerItemProxy;
			containerPortal = A2A4224221C374F5003AB251 /* Project object */;
			proxyType = 1;
			remoteGlobalIDString = A2A4224921C374F5003AB251;
			remoteInfo = Canvas;
		};
/* End PBXContainerItemProxy section */

/* Begin PBXFileReference section */
		A2A4224A21C374F5003AB251 /* Canvas.app */ = {isa = PBXFileReference; explicitFileType = wrapper.application; includeInIndex = 0; path = Canvas.app; sourceTree = BUILT_PRODUCTS_DIR; };
		A2A4224D21C374F5003AB251 /* AppDelegate.swift */ = {isa = PBXFileReference; lastKnownFileType = sourcecode.swift; path = AppDelegate.swift; sourceTree = "<group>"; };
		A2A4224F21C374F5003AB251 /* ViewController.swift */ = {isa = PBXFileReference; lastKnownFileType = sourcecode.swift; path = ViewController.swift; sourceTree = "<group>"; };
		A2A4225221C374F5003AB251 /* Base */ = {isa = PBXFileReference; lastKnownFileType = file.storyboard; name = Base; path = Base.lproj/Main.storyboard; sourceTree = "<group>"; };
		A2A4225421C374F7003AB251 /* Assets.xcassets */ = {isa = PBXFileReference; lastKnownFileType = folder.assetcatalog; path = Assets.xcassets; sourceTree = "<group>"; };
		A2A4225721C374F7003AB251 /* Base */ = {isa = PBXFileReference; lastKnownFileType = file.storyboard; name = Base; path = Base.lproj/LaunchScreen.storyboard; sourceTree = "<group>"; };
		A2A4225921C374F7003AB251 /* Info.plist */ = {isa = PBXFileReference; lastKnownFileType = text.plist.xml; path = Info.plist; sourceTree = "<group>"; };
		A2A4225E21C374F7003AB251 /* CanvasTests.xctest */ = {isa = PBXFileReference; explicitFileType = wrapper.cfbundle; includeInIndex = 0; path = CanvasTests.xctest; sourceTree = BUILT_PRODUCTS_DIR; };
		A2A4226221C374F7003AB251 /* CanvasTests.swift */ = {isa = PBXFileReference; lastKnownFileType = sourcecode.swift; path = CanvasTests.swift; sourceTree = "<group>"; };
		A2A4226421C374F7003AB251 /* Info.plist */ = {isa = PBXFileReference; lastKnownFileType = text.plist.xml; path = Info.plist; sourceTree = "<group>"; };
		A2A4226921C374F7003AB251 /* CanvasUITests.xctest */ = {isa = PBXFileReference; explicitFileType = wrapper.cfbundle; includeInIndex = 0; path = CanvasUITests.xctest; sourceTree = BUILT_PRODUCTS_DIR; };
		A2A4226D21C374F7003AB251 /* CanvasUITests.swift */ = {isa = PBXFileReference; lastKnownFileType = sourcecode.swift; path = CanvasUITests.swift; sourceTree = "<group>"; };
		A2A4226F21C374F7003AB251 /* Info.plist */ = {isa = PBXFileReference; lastKnownFileType = text.plist.xml; path = Info.plist; sourceTree = "<group>"; };
		A2A4228021C37632003AB251 /* en */ = {isa = PBXFileReference; lastKnownFileType = text.plist.strings; name = en; path = en.lproj/Main.strings; sourceTree = "<group>"; };
		A2A4228121C3791D003AB251 /* CanvasView.swift */ = {isa = PBXFileReference; lastKnownFileType = sourcecode.swift; path = CanvasView.swift; sourceTree = "<group>"; };
/* End PBXFileReference section */

/* Begin PBXFrameworksBuildPhase section */
		A2A4224721C374F5003AB251 /* Frameworks */ = {
			isa = PBXFrameworksBuildPhase;
			buildActionMask = 2147483647;
			files = (
			);
			runOnlyForDeploymentPostprocessing = 0;
		};
		A2A4225B21C374F7003AB251 /* Frameworks */ = {
			isa = PBXFrameworksBuildPhase;
			buildActionMask = 2147483647;
			files = (
			);
			runOnlyForDeploymentPostprocessing = 0;
		};
		A2A4226621C374F7003AB251 /* Frameworks */ = {
			isa = PBXFrameworksBuildPhase;
			buildActionMask = 2147483647;
			files = (
			);
			runOnlyForDeploymentPostprocessing = 0;
		};
/* End PBXFrameworksBuildPhase section */

/* Begin PBXGroup section */
		A2A4224121C374F5003AB251 = {
			isa = PBXGroup;
			children = (
				A2A4224C21C374F5003AB251 /* Canvas */,
				A2A4226121C374F7003AB251 /* CanvasTests */,
				A2A4226C21C374F7003AB251 /* CanvasUITests */,
				A2A4224B21C374F5003AB251 /* Products */,
			);
			sourceTree = "<group>";
		};
		A2A4224B21C374F5003AB251 /* Products */ = {
			isa = PBXGroup;
			children = (
				A2A4224A21C374F5003AB251 /* Canvas.app */,
				A2A4225E21C374F7003AB251 /* CanvasTests.xctest */,
				A2A4226921C374F7003AB251 /* CanvasUITests.xctest */,
			);
			name = Products;
			sourceTree = "<group>";
		};
		A2A4224C21C374F5003AB251 /* Canvas */ = {
			isa = PBXGroup;
			children = (
				A2A4224D21C374F5003AB251 /* AppDelegate.swift */,
				A2A4224F21C374F5003AB251 /* ViewController.swift */,
				A2A4228121C3791D003AB251 /* CanvasView.swift */,
				A2A4225121C374F5003AB251 /* Main.storyboard */,
				A2A4225421C374F7003AB251 /* Assets.xcassets */,
				A2A4225621C374F7003AB251 /* LaunchScreen.storyboard */,
				A2A4225921C374F7003AB251 /* Info.plist */,
			);
			path = Canvas;
			sourceTree = "<group>";
		};
		A2A4226121C374F7003AB251 /* CanvasTests */ = {
			isa = PBXGroup;
			children = (
				A2A4226221C374F7003AB251 /* CanvasTests.swift */,
				A2A4226421C374F7003AB251 /* Info.plist */,
			);
			path = CanvasTests;
			sourceTree = "<group>";
		};
		A2A4226C21C374F7003AB251 /* CanvasUITests */ = {
			isa = PBXGroup;
			children = (
				A2A4226D21C374F7003AB251 /* CanvasUITests.swift */,
				A2A4226F21C374F7003AB251 /* Info.plist */,
			);
			path = CanvasUITests;
			sourceTree = "<group>";
		};
/* End PBXGroup section */

/* Begin PBXNativeTarget section */
		A2A4224921C374F5003AB251 /* Canvas */ = {
			isa = PBXNativeTarget;
			buildConfigurationList = A2A4227221C374F7003AB251 /* Build configuration list for PBXNativeTarget "Canvas" */;
			buildPhases = (
				A2A4224621C374F5003AB251 /* Sources */,
				A2A4224721C374F5003AB251 /* Frameworks */,
				A2A4224821C374F5003AB251 /* Resources */,
			);
			buildRules = (
			);
			dependencies = (
			);
			name = Canvas;
			productName = Canvas;
			productReference = A2A4224A21C374F5003AB251 /* Canvas.app */;
			productType = "com.apple.product-type.application";
		};
		A2A4225D21C374F7003AB251 /* CanvasTests */ = {
			isa = PBXNativeTarget;
			buildConfigurationList = A2A4227521C374F7003AB251 /* Build configuration list for PBXNativeTarget "CanvasTests" */;
			buildPhases = (
				A2A4225A21C374F7003AB251 /* Sources */,
				A2A4225B21C374F7003AB251 /* Frameworks */,
				A2A4225C21C374F7003AB251 /* Resources */,
			);
			buildRules = (
			);
			dependencies = (
				A2A4226021C374F7003AB251 /* PBXTargetDependency */,
			);
			name = CanvasTests;
			productName = CanvasTests;
			productReference = A2A4225E21C374F7003AB251 /* CanvasTests.xctest */;
			productType = "com.apple.product-type.bundle.unit-test";
		};
		A2A4226821C374F7003AB251 /* CanvasUITests */ = {
			isa = PBXNativeTarget;
			buildConfigurationList = A2A4227821C374F7003AB251 /* Build configuration list for PBXNativeTarget "CanvasUITests" */;
			buildPhases = (
				A2A4226521C374F7003AB251 /* Sources */,
				A2A4226621C374F7003AB251 /* Frameworks */,
				A2A4226721C374F7003AB251 /* Resources */,
			);
			buildRules = (
			);
			dependencies = (
				A2A4226B21C374F7003AB251 /* PBXTargetDependency */,
			);
			name = CanvasUITests;
			productName = CanvasUITests;
			productReference = A2A4226921C374F7003AB251 /* CanvasUITests.xctest */;
			productType = "com.apple.product-type.bundle.ui-testing";
		};
/* End PBXNativeTarget section */

/* Begin PBXProject section */
		A2A4224221C374F5003AB251 /* Project object */ = {
			isa = PBXProject;
			attributes = {
				KnownAssetTags = (
					UIView,
				);
				LastSwiftUpdateCheck = 1010;
				LastUpgradeCheck = 1010;
				ORGANIZATIONNAME = "Devanshi Upadhyay";
				TargetAttributes = {
					A2A4224921C374F5003AB251 = {
						CreatedOnToolsVersion = 10.1;
					};
					A2A4225D21C374F7003AB251 = {
						CreatedOnToolsVersion = 10.1;
						TestTargetID = A2A4224921C374F5003AB251;
					};
					A2A4226821C374F7003AB251 = {
						CreatedOnToolsVersion = 10.1;
						TestTargetID = A2A4224921C374F5003AB251;
					};
				};
			};
			buildConfigurationList = A2A4224521C374F5003AB251 /* Build configuration list for PBXProject "Canvas" */;
			compatibilityVersion = "Xcode 9.3";
			developmentRegion = en;
			hasScannedForEncodings = 0;
			knownRegions = (
				en,
				Base,
			);
			mainGroup = A2A4224121C374F5003AB251;
			productRefGroup = A2A4224B21C374F5003AB251 /* Products */;
			projectDirPath = "";
			projectRoot = "";
			targets = (
				A2A4224921C374F5003AB251 /* Canvas */,
				A2A4225D21C374F7003AB251 /* CanvasTests */,
				A2A4226821C374F7003AB251 /* CanvasUITests */,
			);
		};
/* End PBXProject section */

/* Begin PBXResourcesBuildPhase section */
		A2A4224821C374F5003AB251 /* Resources */ = {
			isa = PBXResourcesBuildPhase;
			buildActionMask = 2147483647;
			files = (
				A2A4225821C374F7003AB251 /* LaunchScreen.storyboard in Resources */,
				A2A4225521C374F7003AB251 /* Assets.xcassets in Resources */,
				A2A4225321C374F5003AB251 /* Main.storyboard in Resources */,
			);
			runOnlyForDeploymentPostprocessing = 0;
		};
		A2A4225C21C374F7003AB251 /* Resources */ = {
			isa = PBXResourcesBuildPhase;
			buildActionMask = 2147483647;
			files = (
			);
			runOnlyForDeploymentPostprocessing = 0;
		};
		A2A4226721C374F7003AB251 /* Resources */ = {
			isa = PBXResourcesBuildPhase;
			buildActionMask = 2147483647;
			files = (
			);
			runOnlyForDeploymentPostprocessing = 0;
		};
/* End PBXResourcesBuildPhase section */

/* Begin PBXSourcesBuildPhase section */
		A2A4224621C374F5003AB251 /* Sources */ = {
			isa = PBXSourcesBuildPhase;
			buildActionMask = 2147483647;
			files = (
				A2A4225021C374F5003AB251 /* ViewController.swift in Sources */,
				A2A4224E21C374F5003AB251 /* AppDelegate.swift in Sources */,
				A2A4228221C3791D003AB251 /* CanvasView.swift in Sources */,
			);
			runOnlyForDeploymentPostprocessing = 0;
		};
		A2A4225A21C374F7003AB251 /* Sources */ = {
			isa = PBXSourcesBuildPhase;
			buildActionMask = 2147483647;
			files = (
				A2A4226321C374F7003AB251 /* CanvasTests.swift in Sources */,
			);
			runOnlyForDeploymentPostprocessing = 0;
		};
		A2A4226521C374F7003AB251 /* Sources */ = {
			isa = PBXSourcesBuildPhase;
			buildActionMask = 2147483647;
			files = (
				A2A4226E21C374F7003AB251 /* CanvasUITests.swift in Sources */,
			);
			runOnlyForDeploymentPostprocessing = 0;
		};
/* End PBXSourcesBuildPhase section */

/* Begin PBXTargetDependency section */
		A2A4226021C374F7003AB251 /* PBXTargetDependency */ = {
			isa = PBXTargetDependency;
			target = A2A4224921C374F5003AB251 /* Canvas */;
			targetProxy = A2A4225F21C374F7003AB251 /* PBXContainerItemProxy */;
		};
		A2A4226B21C374F7003AB251 /* PBXTargetDependency */ = {
			isa = PBXTargetDependency;
			target = A2A4224921C374F5003AB251 /* Canvas */;
			targetProxy = A2A4226A21C374F7003AB251 /* PBXContainerItemProxy */;
		};
/* End PBXTargetDependency section */

/* Begin PBXVariantGroup section */
		A2A4225121C374F5003AB251 /* Main.storyboard */ = {
			isa = PBXVariantGroup;
			children = (
				A2A4225221C374F5003AB251 /* Base */,
				A2A4228021C37632003AB251 /* en */,
			);
			name = Main.storyboard;
			sourceTree = "<group>";
		};
		A2A4225621C374F7003AB251 /* LaunchScreen.storyboard */ = {
			isa = PBXVariantGroup;
			children = (
				A2A4225721C374F7003AB251 /* Base */,
			);
			name = LaunchScreen.storyboard;
			sourceTree = "<group>";
		};
/* End PBXVariantGroup section */

/* Begin XCBuildConfiguration section */
		A2A4227021C374F7003AB251 /* Debug */ = {
			isa = XCBuildConfiguration;
			buildSettings = {
				ALWAYS_SEARCH_USER_PATHS = NO;
				CLANG_ANALYZER_NONNULL = YES;
				CLANG_ANALYZER_NUMBER_OBJECT_CONVERSION = YES_AGGRESSIVE;
				CLANG_CXX_LANGUAGE_STANDARD = "gnu++14";
				CLANG_CXX_LIBRARY = "libc++";
				CLANG_ENABLE_MODULES = YES;
				CLANG_ENABLE_OBJC_ARC = YES;
				CLANG_ENABLE_OBJC_WEAK = YES;
				CLANG_WARN_BLOCK_CAPTURE_AUTORELEASING = YES;
				CLANG_WARN_BOOL_CONVERSION = YES;
				CLANG_WARN_COMMA = YES;
				CLANG_WARN_CONSTANT_CONVERSION = YES;
				CLANG_WARN_DEPRECATED_OBJC_IMPLEMENTATIONS = YES;
				CLANG_WARN_DIRECT_OBJC_ISA_USAGE = YES_ERROR;
				CLANG_WARN_DOCUMENTATION_COMMENTS = YES;
				CLANG_WARN_EMPTY_BODY = YES;
				CLANG_WARN_ENUM_CONVERSION = YES;
				CLANG_WARN_INFINITE_RECURSION = YES;
				CLANG_WARN_INT_CONVERSION = YES;
				CLANG_WARN_NON_LITERAL_NULL_CONVERSION = YES;
				CLANG_WARN_OBJC_IMPLICIT_RETAIN_SELF = YES;
				CLANG_WARN_OBJC_LITERAL_CONVERSION = YES;
				CLANG_WARN_OBJC_ROOT_CLASS = YES_ERROR;
				CLANG_WARN_RANGE_LOOP_ANALYSIS = YES;
				CLANG_WARN_STRICT_PROTOTYPES = YES;
				CLANG_WARN_SUSPICIOUS_MOVE = YES;
				CLANG_WARN_UNGUARDED_AVAILABILITY = YES_AGGRESSIVE;
				CLANG_WARN_UNREACHABLE_CODE = YES;
				CLANG_WARN__DUPLICATE_METHOD_MATCH = YES;
				CODE_SIGN_IDENTITY = "iPhone Developer";
				COPY_PHASE_STRIP = NO;
				DEBUG_INFORMATION_FORMAT = dwarf;
				ENABLE_STRICT_OBJC_MSGSEND = YES;
				ENABLE_TESTABILITY = YES;
				GCC_C_LANGUAGE_STANDARD = gnu11;
				GCC_DYNAMIC_NO_PIC = NO;
				GCC_NO_COMMON_BLOCKS = YES;
				GCC_OPTIMIZATION_LEVEL = 0;
				GCC_PREPROCESSOR_DEFINITIONS = (
					"DEBUG=1",
					"$(inherited)",
				);
				GCC_WARN_64_TO_32_BIT_CONVERSION = YES;
				GCC_WARN_ABOUT_RETURN_TYPE = YES_ERROR;
				GCC_WARN_UNDECLARED_SELECTOR = YES;
				GCC_WARN_UNINITIALIZED_AUTOS = YES_AGGRESSIVE;
				GCC_WARN_UNUSED_FUNCTION = YES;
				GCC_WARN_UNUSED_VARIABLE = YES;
				IPHONEOS_DEPLOYMENT_TARGET = 12.1;
				MTL_ENABLE_DEBUG_INFO = INCLUDE_SOURCE;
				MTL_FAST_MATH = YES;
				ONLY_ACTIVE_ARCH = YES;
				SDKROOT = iphoneos;
				SWIFT_ACTIVE_COMPILATION_CONDITIONS = DEBUG;
				SWIFT_OPTIMIZATION_LEVEL = "-Onone";
			};
			name = Debug;
		};
		A2A4227121C374F7003AB251 /* Release */ = {
			isa = XCBuildConfiguration;
			buildSettings = {
				ALWAYS_SEARCH_USER_PATHS = NO;
				CLANG_ANALYZER_NONNULL = YES;
				CLANG_ANALYZER_NUMBER_OBJECT_CONVERSION = YES_AGGRESSIVE;
				CLANG_CXX_LANGUAGE_STANDARD = "gnu++14";
				CLANG_CXX_LIBRARY = "libc++";
				CLANG_ENABLE_MODULES = YES;
				CLANG_ENABLE_OBJC_ARC = YES;
				CLANG_ENABLE_OBJC_WEAK = YES;
				CLANG_WARN_BLOCK_CAPTURE_AUTORELEASING = YES;
				CLANG_WARN_BOOL_CONVERSION = YES;
				CLANG_WARN_COMMA = YES;
				CLANG_WARN_CONSTANT_CONVERSION = YES;
				CLANG_WARN_DEPRECATED_OBJC_IMPLEMENTATIONS = YES;
				CLANG_WARN_DIRECT_OBJC_ISA_USAGE = YES_ERROR;
				CLANG_WARN_DOCUMENTATION_COMMENTS = YES;
				CLANG_WARN_EMPTY_BODY = YES;
				CLANG_WARN_ENUM_CONVERSION = YES;
				CLANG_WARN_INFINITE_RECURSION = YES;
				CLANG_WARN_INT_CONVERSION = YES;
				CLANG_WARN_NON_LITERAL_NULL_CONVERSION = YES;
				CLANG_WARN_OBJC_IMPLICIT_RETAIN_SELF = YES;
				CLANG_WARN_OBJC_LITERAL_CONVERSION = YES;
				CLANG_WARN_OBJC_ROOT_CLASS = YES_ERROR;
				CLANG_WARN_RANGE_LOOP_ANALYSIS = YES;
				CLANG_WARN_STRICT_PROTOTYPES = YES;
				CLANG_WARN_SUSPICIOUS_MOVE = YES;
				CLANG_WARN_UNGUARDED_AVAILABILITY = YES_AGGRESSIVE;
				CLANG_WARN_UNREACHABLE_CODE = YES;
				CLANG_WARN__DUPLICATE_METHOD_MATCH = YES;
				CODE_SIGN_IDENTITY = "iPhone Developer";
				COPY_PHASE_STRIP = NO;
				DEBUG_INFORMATION_FORMAT = "dwarf-with-dsym";
				ENABLE_NS_ASSERTIONS = NO;
				ENABLE_STRICT_OBJC_MSGSEND = YES;
				GCC_C_LANGUAGE_STANDARD = gnu11;
				GCC_NO_COMMON_BLOCKS = YES;
				GCC_WARN_64_TO_32_BIT_CONVERSION = YES;
				GCC_WARN_ABOUT_RETURN_TYPE = YES_ERROR;
				GCC_WARN_UNDECLARED_SELECTOR = YES;
				GCC_WARN_UNINITIALIZED_AUTOS = YES_AGGRESSIVE;
				GCC_WARN_UNUSED_FUNCTION = YES;
				GCC_WARN_UNUSED_VARIABLE = YES;
				IPHONEOS_DEPLOYMENT_TARGET = 12.1;
				MTL_ENABLE_DEBUG_INFO = NO;
				MTL_FAST_MATH = YES;
				SDKROOT = iphoneos;
				SWIFT_COMPILATION_MODE = wholemodule;
				SWIFT_OPTIMIZATION_LEVEL = "-O";
				VALIDATE_PRODUCT = YES;
			};
			name = Release;
		};
		A2A4227321C374F7003AB251 /* Debug */ = {
			isa = XCBuildConfiguration;
			buildSettings = {
				ASSETCATALOG_COMPILER_APPICON_NAME = AppIcon;
				CODE_SIGN_STYLE = Automatic;
				INFOPLIST_FILE = Canvas/Info.plist;
				LD_RUNPATH_SEARCH_PATHS = (
					"$(inherited)",
					"@executable_path/Frameworks",
				);
				PRODUCT_BUNDLE_IDENTIFIER = "-.Canvas";
				PRODUCT_NAME = "$(TARGET_NAME)";
				SWIFT_VERSION = 4.2;
				TARGETED_DEVICE_FAMILY = "1,2";
			};
			name = Debug;
		};
		A2A4227421C374F7003AB251 /* Release */ = {
			isa = XCBuildConfiguration;
			buildSettings = {
				ASSETCATALOG_COMPILER_APPICON_NAME = AppIcon;
				CODE_SIGN_STYLE = Automatic;
				INFOPLIST_FILE = Canvas/Info.plist;
				LD_RUNPATH_SEARCH_PATHS = (
					"$(inherited)",
					"@executable_path/Frameworks",
				);
				PRODUCT_BUNDLE_IDENTIFIER = "-.Canvas";
				PRODUCT_NAME = "$(TARGET_NAME)";
				SWIFT_VERSION = 4.2;
				TARGETED_DEVICE_FAMILY = "1,2";
			};
			name = Release;
		};
		A2A4227621C374F7003AB251 /* Debug */ = {
			isa = XCBuildConfiguration;
			buildSettings = {
				ALWAYS_EMBED_SWIFT_STANDARD_LIBRARIES = YES;
				BUNDLE_LOADER = "$(TEST_HOST)";
				CODE_SIGN_STYLE = Automatic;
				INFOPLIST_FILE = CanvasTests/Info.plist;
				LD_RUNPATH_SEARCH_PATHS = (
					"$(inherited)",
					"@executable_path/Frameworks",
					"@loader_path/Frameworks",
				);
				PRODUCT_BUNDLE_IDENTIFIER = "-.CanvasTests";
				PRODUCT_NAME = "$(TARGET_NAME)";
				SWIFT_VERSION = 4.2;
				TARGETED_DEVICE_FAMILY = "1,2";
				TEST_HOST = "$(BUILT_PRODUCTS_DIR)/Canvas.app/Canvas";
			};
			name = Debug;
		};
		A2A4227721C374F7003AB251 /* Release */ = {
			isa = XCBuildConfiguration;
			buildSettings = {
				ALWAYS_EMBED_SWIFT_STANDARD_LIBRARIES = YES;
				BUNDLE_LOADER = "$(TEST_HOST)";
				CODE_SIGN_STYLE = Automatic;
				INFOPLIST_FILE = CanvasTests/Info.plist;
				LD_RUNPATH_SEARCH_PATHS = (
					"$(inherited)",
					"@executable_path/Frameworks",
					"@loader_path/Frameworks",
				);
				PRODUCT_BUNDLE_IDENTIFIER = "-.CanvasTests";
				PRODUCT_NAME = "$(TARGET_NAME)";
				SWIFT_VERSION = 4.2;
				TARGETED_DEVICE_FAMILY = "1,2";
				TEST_HOST = "$(BUILT_PRODUCTS_DIR)/Canvas.app/Canvas";
			};
			name = Release;
		};
		A2A4227921C374F7003AB251 /* Debug */ = {
			isa = XCBuildConfiguration;
			buildSettings = {
				ALWAYS_EMBED_SWIFT_STANDARD_LIBRARIES = YES;
				CODE_SIGN_STYLE = Automatic;
				INFOPLIST_FILE = CanvasUITests/Info.plist;
				LD_RUNPATH_SEARCH_PATHS = (
					"$(inherited)",
					"@executable_path/Frameworks",
					"@loader_path/Frameworks",
				);
				PRODUCT_BUNDLE_IDENTIFIER = "-.CanvasUITests";
				PRODUCT_NAME = "$(TARGET_NAME)";
				SWIFT_VERSION = 4.2;
				TARGETED_DEVICE_FAMILY = "1,2";
				TEST_TARGET_NAME = Canvas;
			};
			name = Debug;
		};
		A2A4227A21C374F7003AB251 /* Release */ = {
			isa = XCBuildConfiguration;
			buildSettings = {
				ALWAYS_EMBED_SWIFT_STANDARD_LIBRARIES = YES;
				CODE_SIGN_STYLE = Automatic;
				INFOPLIST_FILE = CanvasUITests/Info.plist;
				LD_RUNPATH_SEARCH_PATHS = (
					"$(inherited)",
					"@executable_path/Frameworks",
					"@loader_path/Frameworks",
				);
				PRODUCT_BUNDLE_IDENTIFIER = "-.CanvasUITests";
				PRODUCT_NAME = "$(TARGET_NAME)";
				SWIFT_VERSION = 4.2;
				TARGETED_DEVICE_FAMILY = "1,2";
				TEST_TARGET_NAME = Canvas;
			};
			name = Release;
		};
/* End XCBuildConfiguration section */

/* Begin XCConfigurationList section */
		A2A4224521C374F5003AB251 /* Build configuration list for PBXProject "Canvas" */ = {
			isa = XCConfigurationList;
			buildConfigurations = (
				A2A4227021C374F7003AB251 /* Debug */,
				A2A4227121C374F7003AB251 /* Release */,
			);
			defaultConfigurationIsVisible = 0;
			defaultConfigurationName = Release;
		};
		A2A4227221C374F7003AB251 /* Build configuration list for PBXNativeTarget "Canvas" */ = {
			isa = XCConfigurationList;
			buildConfigurations = (
				A2A4227321C374F7003AB251 /* Debug */,
				A2A4227421C374F7003AB251 /* Release */,
			);
			defaultConfigurationIsVisible = 0;
			defaultConfigurationName = Release;
		};
		A2A4227521C374F7003AB251 /* Build configuration list for PBXNativeTarget "CanvasTests" */ = {
			isa = XCConfigurationList;
			buildConfigurations = (
				A2A4227621C374F7003AB251 /* Debug */,
				A2A4227721C374F7003AB251 /* Release */,
			);
			defaultConfigurationIsVisible = 0;
			defaultConfigurationName = Release;
		};
		A2A4227821C374F7003AB251 /* Build configuration list for PBXNativeTarget "CanvasUITests" */ = {
			isa = XCConfigurationList;
			buildConfigurations = (
				A2A4227921C374F7003AB251 /* Debug */,
				A2A4227A21C374F7003AB251 /* Release */,
			);
			defaultConfigurationIsVisible = 0;
			defaultConfigurationName = Release;
		};
/* End XCConfigurationList section */
	};
	rootObject = A2A4224221C374F5003AB251 /* Project object */;
}
