// !$*UTF8*$!
{
	archiveVersion = 1;
	classes = {
	};
	objectVersion = 50;
	objects = {

/* Begin PBXBuildFile section */
		A2A422CA21C38586003AB251 /* AppDelegate.swift in Sources */ = {isa = PBXBuildFile; fileRef = A2A422C921C38586003AB251 /* AppDelegate.swift */; };
		A2A422CC21C38586003AB251 /* ViewController.swift in Sources */ = {isa = PBXBuildFile; fileRef = A2A422CB21C38586003AB251 /* ViewController.swift */; };
		A2A422CF21C38586003AB251 /* Main.storyboard in Resources */ = {isa = PBXBuildFile; fileRef = A2A422CD21C38586003AB251 /* Main.storyboard */; };
		A2A422D121C38586003AB251 /* Assets.xcassets in Resources */ = {isa = PBXBuildFile; fileRef = A2A422D021C38586003AB251 /* Assets.xcassets */; };
		A2A422D421C38586003AB251 /* LaunchScreen.storyboard in Resources */ = {isa = PBXBuildFile; fileRef = A2A422D221C38586003AB251 /* LaunchScreen.storyboard */; };
		A2A422DF21C38586003AB251 /* MNIST_HandwritingRecognitionTests.swift in Sources */ = {isa = PBXBuildFile; fileRef = A2A422DE21C38586003AB251 /* MNIST_HandwritingRecognitionTests.swift */; };
		A2A422EA21C38586003AB251 /* MNIST_HandwritingRecognitionUITests.swift in Sources */ = {isa = PBXBuildFile; fileRef = A2A422E921C38586003AB251 /* MNIST_HandwritingRecognitionUITests.swift */; };
		A2A422F821C38634003AB251 /* MNIST_HandwritingRecognitionUITests.swift in Sources */ = {isa = PBXBuildFile; fileRef = A2A422F721C38634003AB251 /* MNIST_HandwritingRecognitionUITests.swift */; };
		A2A422FA21C387B9003AB251 /* Canvas in Resources */ = {isa = PBXBuildFile; fileRef = A2A422F921C387B9003AB251 /* Canvas */; };
		A2A422FC21C387C4003AB251 /* MNIST.HandwritingRecognition in Resources */ = {isa = PBXBuildFile; fileRef = A2A422FB21C387C4003AB251 /* MNIST.HandwritingRecognition */; };
/* End PBXBuildFile section */

/* Begin PBXContainerItemProxy section */
		A2A422DB21C38586003AB251 /* PBXContainerItemProxy */ = {
			isa = PBXContainerItemProxy;
			containerPortal = A2A422BE21C38585003AB251 /* Project object */;
			proxyType = 1;
			remoteGlobalIDString = A2A422C521C38586003AB251;
			remoteInfo = MNIST.HandwritingRecognition;
		};
		A2A422E621C38586003AB251 /* PBXContainerItemProxy */ = {
			isa = PBXContainerItemProxy;
			containerPortal = A2A422BE21C38585003AB251 /* Project object */;
			proxyType = 1;
			remoteGlobalIDString = A2A422C521C38586003AB251;
			remoteInfo = MNIST.HandwritingRecognition;
		};
/* End PBXContainerItemProxy section */

/* Begin PBXFileReference section */
		A2A422C621C38586003AB251 /* MNIST.HandwritingRecognition.app */ = {isa = PBXFileReference; explicitFileType = wrapper.application; includeInIndex = 0; path = MNIST.HandwritingRecognition.app; sourceTree = BUILT_PRODUCTS_DIR; };
		A2A422C921C38586003AB251 /* AppDelegate.swift */ = {isa = PBXFileReference; lastKnownFileType = sourcecode.swift; path = AppDelegate.swift; sourceTree = "<group>"; };
		A2A422CB21C38586003AB251 /* ViewController.swift */ = {isa = PBXFileReference; lastKnownFileType = sourcecode.swift; path = ViewController.swift; sourceTree = "<group>"; };
		A2A422CE21C38586003AB251 /* Base */ = {isa = PBXFileReference; lastKnownFileType = file.storyboard; name = Base; path = Base.lproj/Main.storyboard; sourceTree = "<group>"; };
		A2A422D021C38586003AB251 /* Assets.xcassets */ = {isa = PBXFileReference; lastKnownFileType = folder.assetcatalog; path = Assets.xcassets; sourceTree = "<group>"; };
		A2A422D321C38586003AB251 /* Base */ = {isa = PBXFileReference; lastKnownFileType = file.storyboard; name = Base; path = Base.lproj/LaunchScreen.storyboard; sourceTree = "<group>"; };
		A2A422D521C38586003AB251 /* Info.plist */ = {isa = PBXFileReference; lastKnownFileType = text.plist.xml; path = Info.plist; sourceTree = "<group>"; };
		A2A422DA21C38586003AB251 /* MNIST.HandwritingRecognitionTests.xctest */ = {isa = PBXFileReference; explicitFileType = wrapper.cfbundle; includeInIndex = 0; path = MNIST.HandwritingRecognitionTests.xctest; sourceTree = BUILT_PRODUCTS_DIR; };
		A2A422DE21C38586003AB251 /* MNIST_HandwritingRecognitionTests.swift */ = {isa = PBXFileReference; lastKnownFileType = sourcecode.swift; path = MNIST_HandwritingRecognitionTests.swift; sourceTree = "<group>"; };
		A2A422E021C38586003AB251 /* Info.plist */ = {isa = PBXFileReference; lastKnownFileType = text.plist.xml; path = Info.plist; sourceTree = "<group>"; };
		A2A422E521C38586003AB251 /* MNIST.HandwritingRecognitionUITests.xctest */ = {isa = PBXFileReference; explicitFileType = wrapper.cfbundle; includeInIndex = 0; path = MNIST.HandwritingRecognitionUITests.xctest; sourceTree = BUILT_PRODUCTS_DIR; };
		A2A422E921C38586003AB251 /* MNIST_HandwritingRecognitionUITests.swift */ = {isa = PBXFileReference; lastKnownFileType = sourcecode.swift; path = MNIST_HandwritingRecognitionUITests.swift; sourceTree = "<group>"; };
		A2A422EB21C38586003AB251 /* Info.plist */ = {isa = PBXFileReference; lastKnownFileType = text.plist.xml; path = Info.plist; sourceTree = "<group>"; };
		A2A422F721C38634003AB251 /* MNIST_HandwritingRecognitionUITests.swift */ = {isa = PBXFileReference; fileEncoding = 4; lastKnownFileType = sourcecode.swift; name = MNIST_HandwritingRecognitionUITests.swift; path = MNIST.HandwritingRecognitionUITests/MNIST_HandwritingRecognitionUITests.swift; sourceTree = SOURCE_ROOT; };
		A2A422F921C387B9003AB251 /* Canvas */ = {isa = PBXFileReference; lastKnownFileType = folder; path = Canvas; sourceTree = "<group>"; };
		A2A422FB21C387C4003AB251 /* MNIST.HandwritingRecognition */ = {isa = PBXFileReference; lastKnownFileType = folder; name = MNIST.HandwritingRecognition; sourceTree = SOURCE_ROOT; };
/* End PBXFileReference section */

/* Begin PBXFrameworksBuildPhase section */
		A2A422C321C38586003AB251 /* Frameworks */ = {
			isa = PBXFrameworksBuildPhase;
			buildActionMask = 2147483647;
			files = (
			);
			runOnlyForDeploymentPostprocessing = 0;
		};
		A2A422D721C38586003AB251 /* Frameworks */ = {
			isa = PBXFrameworksBuildPhase;
			buildActionMask = 2147483647;
			files = (
			);
			runOnlyForDeploymentPostprocessing = 0;
		};
		A2A422E221C38586003AB251 /* Frameworks */ = {
			isa = PBXFrameworksBuildPhase;
			buildActionMask = 2147483647;
			files = (
			);
			runOnlyForDeploymentPostprocessing = 0;
		};
/* End PBXFrameworksBuildPhase section */

/* Begin PBXGroup section */
		A2A422BD21C38585003AB251 = {
			isa = PBXGroup;
			children = (
				A2A422C821C38586003AB251 /* MNIST.HandwritingRecognition */,
				A2A422DD21C38586003AB251 /* MNIST.HandwritingRecognitionTests */,
				A2A422E821C38586003AB251 /* MNIST.HandwritingRecognitionUITests */,
				A2A422C721C38586003AB251 /* Products */,
			);
			sourceTree = "<group>";
		};
		A2A422C721C38586003AB251 /* Products */ = {
			isa = PBXGroup;
			children = (
				A2A422C621C38586003AB251 /* MNIST.HandwritingRecognition.app */,
				A2A422DA21C38586003AB251 /* MNIST.HandwritingRecognitionTests.xctest */,
				A2A422E521C38586003AB251 /* MNIST.HandwritingRecognitionUITests.xctest */,
			);
			name = Products;
			sourceTree = "<group>";
		};
		A2A422C821C38586003AB251 /* MNIST.HandwritingRecognition */ = {
			isa = PBXGroup;
			children = (
				A2A422FB21C387C4003AB251 /* MNIST.HandwritingRecognition */,
				A2A422F921C387B9003AB251 /* Canvas */,
				A2A422C921C38586003AB251 /* AppDelegate.swift */,
				A2A422CB21C38586003AB251 /* ViewController.swift */,
				A2A422CD21C38586003AB251 /* Main.storyboard */,
				A2A422D021C38586003AB251 /* Assets.xcassets */,
				A2A422D221C38586003AB251 /* LaunchScreen.storyboard */,
				A2A422D521C38586003AB251 /* Info.plist */,
			);
			path = MNIST.HandwritingRecognition;
			sourceTree = "<group>";
		};
		A2A422DD21C38586003AB251 /* MNIST.HandwritingRecognitionTests */ = {
			isa = PBXGroup;
			children = (
				A2A422F721C38634003AB251 /* MNIST_HandwritingRecognitionUITests.swift */,
				A2A422DE21C38586003AB251 /* MNIST_HandwritingRecognitionTests.swift */,
				A2A422E021C38586003AB251 /* Info.plist */,
			);
			path = MNIST.HandwritingRecognitionTests;
			sourceTree = "<group>";
		};
		A2A422E821C38586003AB251 /* MNIST.HandwritingRecognitionUITests */ = {
			isa = PBXGroup;
			children = (
				A2A422E921C38586003AB251 /* MNIST_HandwritingRecognitionUITests.swift */,
				A2A422EB21C38586003AB251 /* Info.plist */,
			);
			path = MNIST.HandwritingRecognitionUITests;
			sourceTree = "<group>";
		};
/* End PBXGroup section */

/* Begin PBXNativeTarget section */
		A2A422C521C38586003AB251 /* MNIST.HandwritingRecognition */ = {
			isa = PBXNativeTarget;
			buildConfigurationList = A2A422EE21C38586003AB251 /* Build configuration list for PBXNativeTarget "MNIST.HandwritingRecognition" */;
			buildPhases = (
				A2A422C221C38586003AB251 /* Sources */,
				A2A422C321C38586003AB251 /* Frameworks */,
				A2A422C421C38586003AB251 /* Resources */,
			);
			buildRules = (
			);
			dependencies = (
			);
			name = MNIST.HandwritingRecognition;
			productName = MNIST.HandwritingRecognition;
			productReference = A2A422C621C38586003AB251 /* MNIST.HandwritingRecognition.app */;
			productType = "com.apple.product-type.application";
		};
		A2A422D921C38586003AB251 /* MNIST.HandwritingRecognitionTests */ = {
			isa = PBXNativeTarget;
			buildConfigurationList = A2A422F121C38586003AB251 /* Build configuration list for PBXNativeTarget "MNIST.HandwritingRecognitionTests" */;
			buildPhases = (
				A2A422D621C38586003AB251 /* Sources */,
				A2A422D721C38586003AB251 /* Frameworks */,
				A2A422D821C38586003AB251 /* Resources */,
			);
			buildRules = (
			);
			dependencies = (
				A2A422DC21C38586003AB251 /* PBXTargetDependency */,
			);
			name = MNIST.HandwritingRecognitionTests;
			productName = MNIST.HandwritingRecognitionTests;
			productReference = A2A422DA21C38586003AB251 /* MNIST.HandwritingRecognitionTests.xctest */;
			productType = "com.apple.product-type.bundle.unit-test";
		};
		A2A422E421C38586003AB251 /* MNIST.HandwritingRecognitionUITests */ = {
			isa = PBXNativeTarget;
			buildConfigurationList = A2A422F421C38586003AB251 /* Build configuration list for PBXNativeTarget "MNIST.HandwritingRecognitionUITests" */;
			buildPhases = (
				A2A422E121C38586003AB251 /* Sources */,
				A2A422E221C38586003AB251 /* Frameworks */,
				A2A422E321C38586003AB251 /* Resources */,
			);
			buildRules = (
			);
			dependencies = (
				A2A422E721C38586003AB251 /* PBXTargetDependency */,
			);
			name = MNIST.HandwritingRecognitionUITests;
			productName = MNIST.HandwritingRecognitionUITests;
			productReference = A2A422E521C38586003AB251 /* MNIST.HandwritingRecognitionUITests.xctest */;
			productType = "com.apple.product-type.bundle.ui-testing";
		};
/* End PBXNativeTarget section */

/* Begin PBXProject section */
		A2A422BE21C38585003AB251 /* Project object */ = {
			isa = PBXProject;
			attributes = {
				LastSwiftUpdateCheck = 1010;
				LastUpgradeCheck = 1010;
				ORGANIZATIONNAME = "Devanshi Upadhyay";
				TargetAttributes = {
					A2A422C521C38586003AB251 = {
						CreatedOnToolsVersion = 10.1;
					};
					A2A422D921C38586003AB251 = {
						CreatedOnToolsVersion = 10.1;
						TestTargetID = A2A422C521C38586003AB251;
					};
					A2A422E421C38586003AB251 = {
						CreatedOnToolsVersion = 10.1;
						TestTargetID = A2A422C521C38586003AB251;
					};
				};
			};
			buildConfigurationList = A2A422C121C38585003AB251 /* Build configuration list for PBXProject "MNIST.HandwritingRecognition" */;
			compatibilityVersion = "Xcode 9.3";
			developmentRegion = en;
			hasScannedForEncodings = 0;
			knownRegions = (
				en,
				Base,
			);
			mainGroup = A2A422BD21C38585003AB251;
			productRefGroup = A2A422C721C38586003AB251 /* Products */;
			projectDirPath = "";
			projectRoot = "";
			targets = (
				A2A422C521C38586003AB251 /* MNIST.HandwritingRecognition */,
				A2A422D921C38586003AB251 /* MNIST.HandwritingRecognitionTests */,
				A2A422E421C38586003AB251 /* MNIST.HandwritingRecognitionUITests */,
			);
		};
/* End PBXProject section */

/* Begin PBXResourcesBuildPhase section */
		A2A422C421C38586003AB251 /* Resources */ = {
			isa = PBXResourcesBuildPhase;
			buildActionMask = 2147483647;
			files = (
				A2A422D421C38586003AB251 /* LaunchScreen.storyboard in Resources */,
				A2A422D121C38586003AB251 /* Assets.xcassets in Resources */,
				A2A422FA21C387B9003AB251 /* Canvas in Resources */,
				A2A422FC21C387C4003AB251 /* MNIST.HandwritingRecognition in Resources */,
				A2A422CF21C38586003AB251 /* Main.storyboard in Resources */,
			);
			runOnlyForDeploymentPostprocessing = 0;
		};
		A2A422D821C38586003AB251 /* Resources */ = {
			isa = PBXResourcesBuildPhase;
			buildActionMask = 2147483647;
			files = (
			);
			runOnlyForDeploymentPostprocessing = 0;
		};
		A2A422E321C38586003AB251 /* Resources */ = {
			isa = PBXResourcesBuildPhase;
			buildActionMask = 2147483647;
			files = (
			);
			runOnlyForDeploymentPostprocessing = 0;
		};
/* End PBXResourcesBuildPhase section */

/* Begin PBXSourcesBuildPhase section */
		A2A422C221C38586003AB251 /* Sources */ = {
			isa = PBXSourcesBuildPhase;
			buildActionMask = 2147483647;
			files = (
				A2A422F821C38634003AB251 /* MNIST_HandwritingRecognitionUITests.swift in Sources */,
				A2A422CC21C38586003AB251 /* ViewController.swift in Sources */,
				A2A422CA21C38586003AB251 /* AppDelegate.swift in Sources */,
			);
			runOnlyForDeploymentPostprocessing = 0;
		};
		A2A422D621C38586003AB251 /* Sources */ = {
			isa = PBXSourcesBuildPhase;
			buildActionMask = 2147483647;
			files = (
				A2A422DF21C38586003AB251 /* MNIST_HandwritingRecognitionTests.swift in Sources */,
			);
			runOnlyForDeploymentPostprocessing = 0;
		};
		A2A422E121C38586003AB251 /* Sources */ = {
			isa = PBXSourcesBuildPhase;
			buildActionMask = 2147483647;
			files = (
				A2A422EA21C38586003AB251 /* MNIST_HandwritingRecognitionUITests.swift in Sources */,
			);
			runOnlyForDeploymentPostprocessing = 0;
		};
/* End PBXSourcesBuildPhase section */

/* Begin PBXTargetDependency section */
		A2A422DC21C38586003AB251 /* PBXTargetDependency */ = {
			isa = PBXTargetDependency;
			target = A2A422C521C38586003AB251 /* MNIST.HandwritingRecognition */;
			targetProxy = A2A422DB21C38586003AB251 /* PBXContainerItemProxy */;
		};
		A2A422E721C38586003AB251 /* PBXTargetDependency */ = {
			isa = PBXTargetDependency;
			target = A2A422C521C38586003AB251 /* MNIST.HandwritingRecognition */;
			targetProxy = A2A422E621C38586003AB251 /* PBXContainerItemProxy */;
		};
/* End PBXTargetDependency section */

/* Begin PBXVariantGroup section */
		A2A422CD21C38586003AB251 /* Main.storyboard */ = {
			isa = PBXVariantGroup;
			children = (
				A2A422CE21C38586003AB251 /* Base */,
			);
			name = Main.storyboard;
			sourceTree = "<group>";
		};
		A2A422D221C38586003AB251 /* LaunchScreen.storyboard */ = {
			isa = PBXVariantGroup;
			children = (
				A2A422D321C38586003AB251 /* Base */,
			);
			name = LaunchScreen.storyboard;
			sourceTree = "<group>";
		};
/* End PBXVariantGroup section */

/* Begin XCBuildConfiguration section */
		A2A422EC21C38586003AB251 /* Debug */ = {
			isa = XCBuildConfiguration;
			buildSettings = {
				ALWAYS_SEARCH_USER_PATHS = NO;
				CLANG_ANALYZER_NONNULL = YES;
				CLANG_ANALYZER_NUMBER_OBJECT_CONVERSION = YES_AGGRESSIVE;
				CLANG_CXX_LANGUAGE_STANDARD = "gnu++14";
				CLANG_CXX_LIBRARY = "libc++";
				CLANG_ENABLE_MODULES = YES;
				CLANG_ENABLE_OBJC_ARC = YES;
				CLANG_ENABLE_OBJC_WEAK = YES;
				CLANG_WARN_BLOCK_CAPTURE_AUTORELEASING = YES;
				CLANG_WARN_BOOL_CONVERSION = YES;
				CLANG_WARN_COMMA = YES;
				CLANG_WARN_CONSTANT_CONVERSION = YES;
				CLANG_WARN_DEPRECATED_OBJC_IMPLEMENTATIONS = YES;
				CLANG_WARN_DIRECT_OBJC_ISA_USAGE = YES_ERROR;
				CLANG_WARN_DOCUMENTATION_COMMENTS = YES;
				CLANG_WARN_EMPTY_BODY = YES;
				CLANG_WARN_ENUM_CONVERSION = YES;
				CLANG_WARN_INFINITE_RECURSION = YES;
				CLANG_WARN_INT_CONVERSION = YES;
				CLANG_WARN_NON_LITERAL_NULL_CONVERSION = YES;
				CLANG_WARN_OBJC_IMPLICIT_RETAIN_SELF = YES;
				CLANG_WARN_OBJC_LITERAL_CONVERSION = YES;
				CLANG_WARN_OBJC_ROOT_CLASS = YES_ERROR;
				CLANG_WARN_RANGE_LOOP_ANALYSIS = YES;
				CLANG_WARN_STRICT_PROTOTYPES = YES;
				CLANG_WARN_SUSPICIOUS_MOVE = YES;
				CLANG_WARN_UNGUARDED_AVAILABILITY = YES_AGGRESSIVE;
				CLANG_WARN_UNREACHABLE_CODE = YES;
				CLANG_WARN__DUPLICATE_METHOD_MATCH = YES;
				CODE_SIGN_IDENTITY = "iPhone Developer";
				COPY_PHASE_STRIP = NO;
				DEBUG_INFORMATION_FORMAT = dwarf;
				ENABLE_STRICT_OBJC_MSGSEND = YES;
				ENABLE_TESTABILITY = YES;
				GCC_C_LANGUAGE_STANDARD = gnu11;
				GCC_DYNAMIC_NO_PIC = NO;
				GCC_NO_COMMON_BLOCKS = YES;
				GCC_OPTIMIZATION_LEVEL = 0;
				GCC_PREPROCESSOR_DEFINITIONS = (
					"DEBUG=1",
					"$(inherited)",
				);
				GCC_WARN_64_TO_32_BIT_CONVERSION = YES;
				GCC_WARN_ABOUT_RETURN_TYPE = YES_ERROR;
				GCC_WARN_UNDECLARED_SELECTOR = YES;
				GCC_WARN_UNINITIALIZED_AUTOS = YES_AGGRESSIVE;
				GCC_WARN_UNUSED_FUNCTION = YES;
				GCC_WARN_UNUSED_VARIABLE = YES;
				IPHONEOS_DEPLOYMENT_TARGET = 12.1;
				MTL_ENABLE_DEBUG_INFO = INCLUDE_SOURCE;
				MTL_FAST_MATH = YES;
				ONLY_ACTIVE_ARCH = YES;
				SDKROOT = iphoneos;
				SWIFT_ACTIVE_COMPILATION_CONDITIONS = DEBUG;
				SWIFT_OPTIMIZATION_LEVEL = "-Onone";
			};
			name = Debug;
		};
		A2A422ED21C38586003AB251 /* Release */ = {
			isa = XCBuildConfiguration;
			buildSettings = {
				ALWAYS_SEARCH_USER_PATHS = NO;
				CLANG_ANALYZER_NONNULL = YES;
				CLANG_ANALYZER_NUMBER_OBJECT_CONVERSION = YES_AGGRESSIVE;
				CLANG_CXX_LANGUAGE_STANDARD = "gnu++14";
				CLANG_CXX_LIBRARY = "libc++";
				CLANG_ENABLE_MODULES = YES;
				CLANG_ENABLE_OBJC_ARC = YES;
				CLANG_ENABLE_OBJC_WEAK = YES;
				CLANG_WARN_BLOCK_CAPTURE_AUTORELEASING = YES;
				CLANG_WARN_BOOL_CONVERSION = YES;
				CLANG_WARN_COMMA = YES;
				CLANG_WARN_CONSTANT_CONVERSION = YES;
				CLANG_WARN_DEPRECATED_OBJC_IMPLEMENTATIONS = YES;
				CLANG_WARN_DIRECT_OBJC_ISA_USAGE = YES_ERROR;
				CLANG_WARN_DOCUMENTATION_COMMENTS = YES;
				CLANG_WARN_EMPTY_BODY = YES;
				CLANG_WARN_ENUM_CONVERSION = YES;
				CLANG_WARN_INFINITE_RECURSION = YES;
				CLANG_WARN_INT_CONVERSION = YES;
				CLANG_WARN_NON_LITERAL_NULL_CONVERSION = YES;
				CLANG_WARN_OBJC_IMPLICIT_RETAIN_SELF = YES;
				CLANG_WARN_OBJC_LITERAL_CONVERSION = YES;
				CLANG_WARN_OBJC_ROOT_CLASS = YES_ERROR;
				CLANG_WARN_RANGE_LOOP_ANALYSIS = YES;
				CLANG_WARN_STRICT_PROTOTYPES = YES;
				CLANG_WARN_SUSPICIOUS_MOVE = YES;
				CLANG_WARN_UNGUARDED_AVAILABILITY = YES_AGGRESSIVE;
				CLANG_WARN_UNREACHABLE_CODE = YES;
				CLANG_WARN__DUPLICATE_METHOD_MATCH = YES;
				CODE_SIGN_IDENTITY = "iPhone Developer";
				COPY_PHASE_STRIP = NO;
				DEBUG_INFORMATION_FORMAT = "dwarf-with-dsym";
				ENABLE_NS_ASSERTIONS = NO;
				ENABLE_STRICT_OBJC_MSGSEND = YES;
				GCC_C_LANGUAGE_STANDARD = gnu11;
				GCC_NO_COMMON_BLOCKS = YES;
				GCC_WARN_64_TO_32_BIT_CONVERSION = YES;
				GCC_WARN_ABOUT_RETURN_TYPE = YES_ERROR;
				GCC_WARN_UNDECLARED_SELECTOR = YES;
				GCC_WARN_UNINITIALIZED_AUTOS = YES_AGGRESSIVE;
				GCC_WARN_UNUSED_FUNCTION = YES;
				GCC_WARN_UNUSED_VARIABLE = YES;
				IPHONEOS_DEPLOYMENT_TARGET = 12.1;
				MTL_ENABLE_DEBUG_INFO = NO;
				MTL_FAST_MATH = YES;
				SDKROOT = iphoneos;
				SWIFT_COMPILATION_MODE = wholemodule;
				SWIFT_OPTIMIZATION_LEVEL = "-O";
				VALIDATE_PRODUCT = YES;
			};
			name = Release;
		};
		A2A422EF21C38586003AB251 /* Debug */ = {
			isa = XCBuildConfiguration;
			buildSettings = {
				ASSETCATALOG_COMPILER_APPICON_NAME = AppIcon;
				CODE_SIGN_STYLE = Automatic;
				INFOPLIST_FILE = MNIST.HandwritingRecognition/Info.plist;
				LD_RUNPATH_SEARCH_PATHS = (
					"$(inherited)",
					"@executable_path/Frameworks",
				);
				PRODUCT_BUNDLE_IDENTIFIER = "-.MNIST-HandwritingRecognition";
				PRODUCT_NAME = "$(TARGET_NAME)";
				SWIFT_VERSION = 4.2;
				TARGETED_DEVICE_FAMILY = "1,2";
			};
			name = Debug;
		};
		A2A422F021C38586003AB251 /* Release */ = {
			isa = XCBuildConfiguration;
			buildSettings = {
				ASSETCATALOG_COMPILER_APPICON_NAME = AppIcon;
				CODE_SIGN_STYLE = Automatic;
				INFOPLIST_FILE = MNIST.HandwritingRecognition/Info.plist;
				LD_RUNPATH_SEARCH_PATHS = (
					"$(inherited)",
					"@executable_path/Frameworks",
				);
				PRODUCT_BUNDLE_IDENTIFIER = "-.MNIST-HandwritingRecognition";
				PRODUCT_NAME = "$(TARGET_NAME)";
				SWIFT_VERSION = 4.2;
				TARGETED_DEVICE_FAMILY = "1,2";
			};
			name = Release;
		};
		A2A422F221C38586003AB251 /* Debug */ = {
			isa = XCBuildConfiguration;
			buildSettings = {
				ALWAYS_EMBED_SWIFT_STANDARD_LIBRARIES = YES;
				BUNDLE_LOADER = "$(TEST_HOST)";
				CODE_SIGN_STYLE = Automatic;
				INFOPLIST_FILE = MNIST.HandwritingRecognitionTests/Info.plist;
				LD_RUNPATH_SEARCH_PATHS = (
					"$(inherited)",
					"@executable_path/Frameworks",
					"@loader_path/Frameworks",
				);
				PRODUCT_BUNDLE_IDENTIFIER = "-.MNIST-HandwritingRecognitionTests";
				PRODUCT_NAME = "$(TARGET_NAME)";
				SWIFT_VERSION = 4.2;
				TARGETED_DEVICE_FAMILY = "1,2";
				TEST_HOST = "$(BUILT_PRODUCTS_DIR)/MNIST.HandwritingRecognition.app/MNIST.HandwritingRecognition";
			};
			name = Debug;
		};
		A2A422F321C38586003AB251 /* Release */ = {
			isa = XCBuildConfiguration;
			buildSettings = {
				ALWAYS_EMBED_SWIFT_STANDARD_LIBRARIES = YES;
				BUNDLE_LOADER = "$(TEST_HOST)";
				CODE_SIGN_STYLE = Automatic;
				INFOPLIST_FILE = MNIST.HandwritingRecognitionTests/Info.plist;
				LD_RUNPATH_SEARCH_PATHS = (
					"$(inherited)",
					"@executable_path/Frameworks",
					"@loader_path/Frameworks",
				);
				PRODUCT_BUNDLE_IDENTIFIER = "-.MNIST-HandwritingRecognitionTests";
				PRODUCT_NAME = "$(TARGET_NAME)";
				SWIFT_VERSION = 4.2;
				TARGETED_DEVICE_FAMILY = "1,2";
				TEST_HOST = "$(BUILT_PRODUCTS_DIR)/MNIST.HandwritingRecognition.app/MNIST.HandwritingRecognition";
			};
			name = Release;
		};
		A2A422F521C38586003AB251 /* Debug */ = {
			isa = XCBuildConfiguration;
			buildSettings = {
				ALWAYS_EMBED_SWIFT_STANDARD_LIBRARIES = YES;
				CODE_SIGN_STYLE = Automatic;
				INFOPLIST_FILE = MNIST.HandwritingRecognitionUITests/Info.plist;
				LD_RUNPATH_SEARCH_PATHS = (
					"$(inherited)",
					"@executable_path/Frameworks",
					"@loader_path/Frameworks",
				);
				PRODUCT_BUNDLE_IDENTIFIER = "-.MNIST-HandwritingRecognitionUITests";
				PRODUCT_NAME = "$(TARGET_NAME)";
				SWIFT_VERSION = 4.2;
				TARGETED_DEVICE_FAMILY = "1,2";
				TEST_TARGET_NAME = MNIST.HandwritingRecognition;
			};
			name = Debug;
		};
		A2A422F621C38586003AB251 /* Release */ = {
			isa = XCBuildConfiguration;
			buildSettings = {
				ALWAYS_EMBED_SWIFT_STANDARD_LIBRARIES = YES;
				CODE_SIGN_STYLE = Automatic;
				INFOPLIST_FILE = MNIST.HandwritingRecognitionUITests/Info.plist;
				LD_RUNPATH_SEARCH_PATHS = (
					"$(inherited)",
					"@executable_path/Frameworks",
					"@loader_path/Frameworks",
				);
				PRODUCT_BUNDLE_IDENTIFIER = "-.MNIST-HandwritingRecognitionUITests";
				PRODUCT_NAME = "$(TARGET_NAME)";
				SWIFT_VERSION = 4.2;
				TARGETED_DEVICE_FAMILY = "1,2";
				TEST_TARGET_NAME = MNIST.HandwritingRecognition;
			};
			name = Release;
		};
/* End XCBuildConfiguration section */

/* Begin XCConfigurationList section */
		A2A422C121C38585003AB251 /* Build configuration list for PBXProject "MNIST.HandwritingRecognition" */ = {
			isa = XCConfigurationList;
			buildConfigurations = (
				A2A422EC21C38586003AB251 /* Debug */,
				A2A422ED21C38586003AB251 /* Release */,
			);
			defaultConfigurationIsVisible = 0;
			defaultConfigurationName = Release;
		};
		A2A422EE21C38586003AB251 /* Build configuration list for PBXNativeTarget "MNIST.HandwritingRecognition" */ = {
			isa = XCConfigurationList;
			buildConfigurations = (
				A2A422EF21C38586003AB251 /* Debug */,
				A2A422F021C38586003AB251 /* Release */,
			);
			defaultConfigurationIsVisible = 0;
			defaultConfigurationName = Release;
		};
		A2A422F121C38586003AB251 /* Build configuration list for PBXNativeTarget "MNIST.HandwritingRecognitionTests" */ = {
			isa = XCConfigurationList;
			buildConfigurations = (
				A2A422F221C38586003AB251 /* Debug */,
				A2A422F321C38586003AB251 /* Release */,
			);
			defaultConfigurationIsVisible = 0;
			defaultConfigurationName = Release;
		};
		A2A422F421C38586003AB251 /* Build configuration list for PBXNativeTarget "MNIST.HandwritingRecognitionUITests" */ = {
			isa = XCConfigurationList;
			buildConfigurations = (
				A2A422F521C38586003AB251 /* Debug */,
				A2A422F621C38586003AB251 /* Release */,
			);
			defaultConfigurationIsVisible = 0;
			defaultConfigurationName = Release;
		};
/* End XCConfigurationList section */
	};
	rootObject = A2A422BE21C38585003AB251 /* Project object */;
}
